
Microsoft Visual Studio Solution File, Format Version 12.00
# Visual Studio Version 16
VisualStudioVersion = 16.0.33423.256
MinimumVisualStudioVersion = 10.0.40219.1
Project("{FAE04EC0-301F-11D3-BF4B-00C04F79EFBC}") = "LABA_22_OOP", "LABA_22_OOP\LABA_22_OOP.csproj", "{9AB9C581-1016-4098-A33A-02D8A44BA392}"
EndProject
Global
	GlobalSection(SolutionConfigurationPlatforms) = preSolution
		Debug|Any CPU = Debug|Any CPU
		Release|Any CPU = Release|Any CPU
	EndGlobalSection
	GlobalSection(ProjectConfigurationPlatforms) = postSolution
		{9AB9C581-1016-4098-A33A-02D8A44BA392}.Debug|Any CPU.ActiveCfg = Debug|Any CPU
		{9AB9C581-1016-4098-A33A-02D8A44BA392}.Debug|Any CPU.Build.0 = Debug|Any CPU
		{9AB9C581-1016-4098-A33A-02D8A44BA392}.Release|Any CPU.ActiveCfg = Release|Any CPU
		{9AB9C581-1016-4098-A33A-02D8A44BA392}.Release|Any CPU.Build.0 = Release|Any CPU
	EndGlobalSection
	GlobalSection(SolutionProperties) = preSolution
		HideSolutionNode = FALSE
	EndGlobalSection
	GlobalSection(ExtensibilityGlobals) = postSolution
		SolutionGuid = {848400C6-E660-4582-A35E-1B6FA2AF553A}
	EndGlobalSection
EndGlobal
